version = 1
revision = 3
requires-python = "==3.12.*"

[[package]]
name = "carrotquant"
version = "0.1.0"
source = { editable = "." }
dependencies = [
    { name = "numba" },
    { name = "numpy" },
    { name = "polars" },
    { name = "pyarrow" },
]

[package.optional-dependencies]
dev = [
    { name = "pytest" },
    { name = "pytest-benchmark" },
    { name = "pytest-cov" },
]

[package.metadata]
requires-dist = [
    { name = "numba", specifier = ">=0.60.0" },
    { name = "numpy", specifier = ">=1.26.0,<2.2.0" },
    { name = "polars", specifier = ">=1.0.0" },
    { name = "pyarrow", specifier = ">=15.0.0" },
    { name = "pytest", marker = "extra == 'dev'", specifier = ">=8.0.0" },
    { name = "pytest-benchmark", marker = "extra == 'dev'", specifier = ">=4.0.0" },
    { name = "pytest-cov", marker = "extra == 'dev'", specifier = ">=5.0.0" },
]
provides-extras = ["dev"]

[[package]]
name = "colorama"
version = "0.4.6"
source = { registry = "https://pypi.org/simple" }
sdist = { url = "https://files.pythonhosted.org/packages/d8/53/6f443c9a4a8358a93a6792e2acffb9d9d5cb0a5cfd8802644b7b1c9a02e4/colorama-0.4.6.tar.gz", hash = "sha256:08695f5cb7ed6e0531a20572697297273c47b8cae5a63ffc6d6ed5c201be6e44", size = 27697, upload-time = "2022-10-25T02:36:22.414Z" }
wheels = [
    { url = "https://files.pythonhosted.org/packages/d1/d6/3965ed04c63042e047cb6a3e6ed1a63a35087b6a609aa3a15ed8ac56c221/colorama-0.4.6-py2.py3-none-any.whl", hash = "sha256:4f1d9991f5acc0ca119f9d443620b77f9d6b33703e51011c16baf57afb285fc6", size = 25335, upload-time = "2022-10-25T02:36:20.889Z" },
]

[[package]]
name = "coverage"
version = "7.15.2"
source = { registry = "https://pypi.org/simple" }
sdist = { url = "https://files.pythonhosted.org/packages/76/d0/55fe630f4cf94e3fcba868240fad8c8cdd1f764e2a932f8926347e6ec4cd/coverage-7.15.2.tar.gz", hash = "sha256:3df60dc267f0a2ca23cb7a9ab1109c62b9335ffbf519fcfe167157c28c09b81d", size = 927741, upload-time = "2026-07-15T18:56:19.558Z" }
wheels = [
    { url = "https://files.pythonhosted.org/packages/6a/50/eb5bf42e531611a9f8d272556b1ed4de503f84a91413584094487cf69f8f/coverage-7.15.2-cp312-cp312-macosx_10_13_x86_64.whl", hash = "sha256:1adac78e5abc7c5438f7a209c9ca69d06542f0bf481d728b6989ea80b813fdf9", size = 221587, upload-time = "2026-07-15T18:54:18.439Z" },
    { url = "https://files.pythonhosted.org/packages/06/d1/da99af464c335d4e023a6efcd7ec30f63b88a43c93745154ab74ffb31cea/coverage-7.15.2-cp312-cp312-macosx_11_0_arm64.whl", hash = "sha256:b868acc62aa5de3be7a9d05c2333bf8359ca987e43f9cb30ff8fbda6a024ab73", size = 221943, upload-time = "2026-07-15T18:54:20.062Z" },
    { url = "https://files.pythonhosted.org/packages/5b/8a/13c42723d61ca447eafa18732e8141dd6a63f2732e1c7e1502c182dd88d7/coverage-7.15.2-cp312-cp312-manylinux1_i686.manylinux_2_28_i686.manylinux_2_5_i686.whl", hash = "sha256:6f6966fc30e6f06ca8f98fb0ce51eda6b111b3ee8d066a8b1ec9e77fa06ab55d", size = 253450, upload-time = "2026-07-15T18:54:21.765Z" },
    { url = "https://files.pythonhosted.org/packages/d7/29/99021303f98fbdcb63504b4d07bea4cc025b9b2dd907c4f07c85d50a0dab/coverage-7.15.2-cp312-cp312-manylinux1_x86_64.manylinux_2_28_x86_64.manylinux_2_5_x86_64.whl", hash = "sha256:68af907f595ab01a78f794932ff3bdf929c316d3000810d38dbc247129e26f8b", size = 256187, upload-time = "2026-07-15T18:54:23.4Z" },
    { url = "https://files.pythonhosted.org/packages/f9/a8/fd503715ed6ca9c5d742923aa5209257340b367a867b2ced0c7d4ba8a0b9/coverage-7.15.2-cp312-cp312-manylinux2014_aarch64.manylinux_2_17_aarch64.manylinux_2_28_aarch64.whl", hash = "sha256:afa29e2eff3d5729267e2cb2fd4ce9d61c952932fb2694e34ccb5d9540c6a296", size = 257301, upload-time = "2026-07-15T18:54:25.183Z" },
    { url = "https://files.pythonhosted.org/packages/da/40/3f4b8fb409810036ebc2857d36adc0498c6e957b5df0290c5036b2e143f1/coverage-7.15.2-cp312-cp312-manylinux2014_ppc64le.manylinux_2_17_ppc64le.manylinux_2_28_ppc64le.whl", hash = "sha256:bbf44513ceb1589e31948e20eafbde9deaface90e1a1afa5f5f77b4423d17ce6", size = 259562, upload-time = "2026-07-15T18:54:27.204Z" },
    { url = "https://files.pythonhosted.org/packages/0b/8a/9bdffbef47db77cce3d6b02a28f7e919b19f0106c4b080c2c2246040f885/coverage-7.15.2-cp312-cp312-manylinux_2_31_riscv64.manylinux_2_39_riscv64.whl", hash = "sha256:9deddf09eecb717b7f980414b43d90a5b22ff3967d2949ab29cb0aa83d9e9098", size = 253841, upload-time = "2026-07-15T18:54:29.134Z" },
    { url = "https://files.pythonhosted.org/packages/1b/1e/9031efde019d31a06646261fce6dfc5c3c74e951e27a71e5c9a424563178/coverage-7.15.2-cp312-cp312-musllinux_1_2_aarch64.whl", hash = "sha256:ae901f7e55ba405c84ee1cab3d3e962e4e871e4a2bcb9c90911adbd69b42ac5a", size = 255221, upload-time = "2026-07-15T18:54:31.142Z" },
    { url = "https://files.pythonhosted.org/packages/56/db/787acde872389fc84a9ef9d8cd1ccc658e391ab4cb5b28092a714426a394/coverage-7.15.2-cp312-cp312-musllinux_1_2_i686.whl", hash = "sha256:a0f47002c6eeb7c280228467a4cb0cc15ca2103a8421b986b2d3ec04a0f9bd8b", size = 253366, upload-time = "2026-07-15T18:54:32.886Z" },
    { url = "https://files.pythonhosted.org/packages/2f/9b/6f57bc4b93c842eef1695f8cdaf2318e35e7ba54f5ba80d84be213ab7858/coverage-7.15.2-cp312-cp312-musllinux_1_2_ppc64le.whl", hash = "sha256:1cd7a5beb7af3e864a13b1f0fb26efd3695da43ef0daf71e586adfffaf34d5b2", size = 257434, upload-time = "2026-07-15T18:54:34.7Z" },
    { url = "https://files.pythonhosted.org/packages/88/26/b3186a21b2acc83e451118978905c81c7072c3333707804db09a78c096a2/coverage-7.15.2-cp312-cp312-musllinux_1_2_riscv64.whl", hash = "sha256:97a5c5457a9fb1d6c4e06cfb5dc835871fbfb6a6a51addc9e925bdeff5ef7440", size = 252935, upload-time = "2026-07-15T18:54:36.548Z" },
    { url = "https://files.pythonhosted.org/packages/20/c2/c9f3376b2e717ea69ed7a6e9a5fcab968fb0b290db6cf4bd9a1fc7541b75/coverage-7.15.2-cp312-cp312-musllinux_1_2_x86_64.whl", hash = "sha256:0901cfe6c13bcd2302da4f83e884555d2a22bda6e4c476f09ef204ba20ca536e", size = 254807, upload-time = "2026-07-15T18:54:38.296Z" },
    { url = "https://files.pythonhosted.org/packages/f0/e1/dfc15401f4a8aaeb486e1ba3e9e3c40522a6e38bd0ecf0b3f29cb8082957/coverage-7.15.2-cp312-cp312-win32.whl", hash = "sha256:b171bdd71cb7ff792bf32e376173b0ace7e7963e7e57c58dfc42063a6a7174cd", size = 223641, upload-time = "2026-07-15T18:54:40.103Z" },
    { url = "https://files.pythonhosted.org/packages/91/40/81b6d809d320cd366ec5bdf8176575e897dcb8efe7fb4b489ef9e93e4d13/coverage-7.15.2-cp312-cp312-win_amd64.whl", hash = "sha256:582edc45c2040543fef83341be23c43024a3ab3ae0c2d8bc498a06282905ad40", size = 224172, upload-time = "2026-07-15T18:54:41.882Z" },
    { url = "https://files.pythonhosted.org/packages/ef/28/9f14ec438149f7de557f45518f09b4a7917b795cc37083aa7db482693f8c/coverage-7.15.2-cp312-cp312-win_arm64.whl", hash = "sha256:a638db90c61cd219aeee65e83a24fdaa57269a741ae0cf773309208ac862cee3", size = 223556, upload-time = "2026-07-15T18:54:43.674Z" },
    { url = "https://files.pythonhosted.org/packages/ec/82/32e3bd191d498e64f6f911ad55d14006a0861e54869d2d32452326399e65/coverage-7.15.2-py3-none-any.whl", hash = "sha256:eb6bcae8d1a9d305351ecb108232441d11c5cfe9de840a04388ba5d2db8d735c", size = 213375, upload-time = "2026-07-15T18:56:17.305Z" },
]

[[package]]
name = "iniconfig"
version = "2.3.0"
source = { registry = "https://pypi.org/simple" }
sdist = { url = "https://files.pythonhosted.org/packages/72/34/14ca021ce8e5dfedc35312d08ba8bf51fdd999c576889fc2c24cb97f4f10/iniconfig-2.3.0.tar.gz", hash = "sha256:c76315c77db068650d49c5b56314774a7804df16fee4402c1f19d6d15d8c4730", size = 20503, upload-time = "2025-10-18T21:55:43.219Z" }
wheels = [
    { url = "https://files.pythonhosted.org/packages/cb/b1/3846dd7f199d53cb17f49cba7e651e9ce294d8497c8c150530ed11865bb8/iniconfig-2.3.0-py3-none-any.whl", hash = "sha256:f631c04d2c48c52b84d0d0549c99ff3859c98df65b3101406327ecc7d53fbf12", size = 7484, upload-time = "2025-10-18T21:55:41.639Z" },
]

[[package]]
name = "llvmlite"
version = "0.48.0"
source = { registry = "https://pypi.org/simple" }
sdist = { url = "https://files.pythonhosted.org/packages/dc/a0/acc8ffcd5bdc63df0097e22c719bfcd61b604358343089313a8aebbb24ab/llvmlite-0.48.0.tar.gz", hash = "sha256:543b19f9ef8f3c7c60d1468191e4ee1b1537bf9f8a3d56f64c0ddd98de92edd2", size = 184016, upload-time = "2026-07-02T20:20:05.308Z" }
wheels = [
    { url = "https://files.pythonhosted.org/packages/92/a2/28696a9e61e245d1a79816d29d106692a90a2b6e7d78c98b326db70827af/llvmlite-0.48.0-cp312-cp312-macosx_12_0_arm64.whl", hash = "sha256:d66c3beb4209087ddd4cf4ed2a0856b6887e6a913bdcf1aacfec9851cf2cba4e", size = 40480651, upload-time = "2026-07-01T18:41:35.694Z" },
    { url = "https://files.pythonhosted.org/packages/80/f2/72409351db66d0a317ec5087e076f31fb7b773a640db8a90ce6b5cac9edd/llvmlite-0.48.0-cp312-cp312-manylinux2014_x86_64.manylinux_2_17_x86_64.whl", hash = "sha256:416fa4c2c66c2c6dc6d0a402648c19206e548efa0aa1eff01ad5cdad0af8217d", size = 59890118, upload-time = "2026-07-01T18:41:44.886Z" },
    { url = "https://files.pythonhosted.org/packages/3a/27/5ae2f3722606360480707adb47f001ad89df8251d06b14ee80336e660b66/llvmlite-0.48.0-cp312-cp312-manylinux_2_27_aarch64.manylinux_2_28_aarch64.whl", hash = "sha256:f5e5a5131045b72345c71062ea1a91910dde913792b6c9b28ebb2c1c0a712e98", size = 58343459, upload-time = "2026-07-01T18:41:40.306Z" },
    { url = "https://files.pythonhosted.org/packages/16/78/d824ffff7521cd140dc2006e44ce2bc82e64b48d1b32e90e956308c85a74/llvmlite-0.48.0-cp312-cp312-win_amd64.whl", hash = "sha256:d45c7541a80934ec6d8ab0defe67439494ecd2193cbf852a44ba827808976ac1", size = 41865022, upload-time = "2026-07-01T18:41:48.663Z" },
]

[[package]]
name = "numba"
version = "0.66.0"
source = { registry = "https://pypi.org/simple" }
dependencies = [
    { name = "llvmlite" },
    { name = "numpy" },
]
sdist = { url = "https://files.pythonhosted.org/packages/ae/a0/570e3dc53e5602b49108f62a13e529f1eec8bfc7ef37d49c825924dcf546/numba-0.66.0.tar.gz", hash = "sha256:b900e63a0e26c05ea9a6d5a3a5a0a177cb64c5011887bf43edb8c3ed2c38d363", size = 2806181, upload-time = "2026-07-01T23:12:46.36Z" }
wheels = [
    { url = "https://files.pythonhosted.org/packages/62/a3/70deb7f88461c1cd5d16aa990c2380604102661a427667b8950dcdccc27f/numba-0.66.0-cp312-cp312-macosx_12_0_arm64.whl", hash = "sha256:53ca5900b7cab15109796030113a6b28576bae5ad7bb507ad6dd1360ddd81ba4", size = 2727264, upload-time = "2026-07-01T23:12:18.669Z" },
    { url = "https://files.pythonhosted.org/packages/2d/55/25c319845e9a4e08f16611ddbda56a192eb7b6ed13e1a2bff2da272ffb97/numba-0.66.0-cp312-cp312-manylinux2014_x86_64.manylinux_2_17_x86_64.whl", hash = "sha256:0999e3ee1b18c48e1fb51d11af35ef59852c7f4f50569c9550c25faef0616ad1", size = 3866252, upload-time = "2026-07-01T23:12:20.429Z" },
    { url = "https://files.pythonhosted.org/packages/71/ef/a82d6fd6bf1b0fe461651e924d3647eeec9ac17f8eee4896264bf7480930/numba-0.66.0-cp312-cp312-manylinux_2_27_aarch64.manylinux_2_28_aarch64.whl", hash = "sha256:efe0d2d5099790df945e0cb6e1b3104bd965d7bbfac50d62f1d5d1d6ade0825d", size = 3566974, upload-time = "2026-07-01T23:12:22.116Z" },
    { url = "https://files.pythonhosted.org/packages/fc/eb/9e6171e378822ab191c7abcfd3d8cfc8644516f6c7834c22e210e4acc070/numba-0.66.0-cp312-cp312-win_amd64.whl", hash = "sha256:b075a4e7ebc43dc6294f223e2821659656209fd5e0ce53245877c23d66d6e1a9", size = 2797403, upload-time = "2026-07-01T23:12:23.724Z" },
]

[[package]]
name = "numpy"
version = "2.1.3"
source = { registry = "https://pypi.org/simple" }
sdist = { url = "https://files.pythonhosted.org/packages/25/ca/1166b75c21abd1da445b97bf1fa2f14f423c6cfb4fc7c4ef31dccf9f6a94/numpy-2.1.3.tar.gz", hash = "sha256:aa08e04e08aaf974d4458def539dece0d28146d866a39da5639596f4921fd761", size = 20166090, upload-time = "2024-11-02T17:48:55.832Z" }
wheels = [
    { url = "https://files.pythonhosted.org/packages/8a/f0/385eb9970309643cbca4fc6eebc8bb16e560de129c91258dfaa18498da8b/numpy-2.1.3-cp312-cp312-macosx_10_13_x86_64.whl", hash = "sha256:f55ba01150f52b1027829b50d70ef1dafd9821ea82905b63936668403c3b471e", size = 20849658, upload-time = "2024-11-02T17:37:23.919Z" },
    { url = "https://files.pythonhosted.org/packages/54/4a/765b4607f0fecbb239638d610d04ec0a0ded9b4951c56dc68cef79026abf/numpy-2.1.3-cp312-cp312-macosx_11_0_arm64.whl", hash = "sha256:13138eadd4f4da03074851a698ffa7e405f41a0845a6b1ad135b81596e4e9958", size = 13492258, upload-time = "2024-11-02T17:37:45.252Z" },
    { url = "https://files.pythonhosted.org/packages/bd/a7/2332679479c70b68dccbf4a8eb9c9b5ee383164b161bee9284ac141fbd33/numpy-2.1.3-cp312-cp312-macosx_14_0_arm64.whl", hash = "sha256:a6b46587b14b888e95e4a24d7b13ae91fa22386c199ee7b418f449032b2fa3b8", size = 5090249, upload-time = "2024-11-02T17:37:54.252Z" },
    { url = "https://files.pythonhosted.org/packages/c1/67/4aa00316b3b981a822c7a239d3a8135be2a6945d1fd11d0efb25d361711a/numpy-2.1.3-cp312-cp312-macosx_14_0_x86_64.whl", hash = "sha256:0fa14563cc46422e99daef53d725d0c326e99e468a9320a240affffe87852564", size = 6621704, upload-time = "2024-11-02T17:38:05.127Z" },
    { url = "https://files.pythonhosted.org/packages/5e/da/1a429ae58b3b6c364eeec93bf044c532f2ff7b48a52e41050896cf15d5b1/numpy-2.1.3-cp312-cp312-manylinux_2_17_aarch64.manylinux2014_aarch64.whl", hash = "sha256:8637dcd2caa676e475503d1f8fdb327bc495554e10838019651b76d17b98e512", size = 13606089, upload-time = "2024-11-02T17:38:25.997Z" },
    { url = "https://files.pythonhosted.org/packages/9e/3e/3757f304c704f2f0294a6b8340fcf2be244038be07da4cccf390fa678a9f/numpy-2.1.3-cp312-cp312-manylinux_2_17_x86_64.manylinux2014_x86_64.whl", hash = "sha256:2312b2aa89e1f43ecea6da6ea9a810d06aae08321609d8dc0d0eda6d946a541b", size = 16043185, upload-time = "2024-11-02T17:38:51.07Z" },
    { url = "https://files.pythonhosted.org/packages/43/97/75329c28fea3113d00c8d2daf9bc5828d58d78ed661d8e05e234f86f0f6d/numpy-2.1.3-cp312-cp312-musllinux_1_1_x86_64.whl", hash = "sha256:a38c19106902bb19351b83802531fea19dee18e5b37b36454f27f11ff956f7fc", size = 16410751, upload-time = "2024-11-02T17:39:15.801Z" },
    { url = "https://files.pythonhosted.org/packages/ad/7a/442965e98b34e0ae9da319f075b387bcb9a1e0658276cc63adb8c9686f7b/numpy-2.1.3-cp312-cp312-musllinux_1_2_aarch64.whl", hash = "sha256:02135ade8b8a84011cbb67dc44e07c58f28575cf9ecf8ab304e51c05528c19f0", size = 14082705, upload-time = "2024-11-02T17:39:38.274Z" },
    { url = "https://files.pythonhosted.org/packages/ac/b6/26108cf2cfa5c7e03fb969b595c93131eab4a399762b51ce9ebec2332e80/numpy-2.1.3-cp312-cp312-win32.whl", hash = "sha256:e6988e90fcf617da2b5c78902fe8e668361b43b4fe26dbf2d7b0f8034d4cafb9", size = 6239077, upload-time = "2024-11-02T17:39:49.299Z" },
    { url = "https://files.pythonhosted.org/packages/a6/84/fa11dad3404b7634aaab50733581ce11e5350383311ea7a7010f464c0170/numpy-2.1.3-cp312-cp312-win_amd64.whl", hash = "sha256:0d30c543f02e84e92c4b1f415b7c6b5326cbe45ee7882b6b77db7195fb971e3a", size = 12566858, upload-time = "2024-11-02T17:40:08.851Z" },
]

[[package]]
name = "packaging"
version = "26.2"
source = { registry = "https://pypi.org/simple" }
sdist = { url = "https://files.pythonhosted.org/packages/d7/f1/e7a6dd94a8d4a5626c03e4e99c87f241ba9e350cd9e6d75123f992427270/packaging-26.2.tar.gz", hash = "sha256:ff452ff5a3e828ce110190feff1178bb1f2ea2281fa2075aadb987c2fb221661", size = 228134, upload-time = "2026-04-24T20:15:23.917Z" }
wheels = [
    { url = "https://files.pythonhosted.org/packages/df/b2/87e62e8c3e2f4b32e5fe99e0b86d576da1312593b39f47d8ceef365e95ed/packaging-26.2-py3-none-any.whl", hash = "sha256:5fc45236b9446107ff2415ce77c807cee2862cb6fac22b8a73826d0693b0980e", size = 100195, upload-time = "2026-04-24T20:15:22.081Z" },
]

[[package]]
name = "pluggy"
version = "1.6.0"
source = { registry = "https://pypi.org/simple" }
sdist = { url = "https://files.pythonhosted.org/packages/f9/e2/3e91f31a7d2b083fe6ef3fa267035b518369d9511ffab804f839851d2779/pluggy-1.6.0.tar.gz", hash = "sha256:7dcc130b76258d33b90f61b658791dede3486c3e6bfb003ee5c9bfb396dd22f3", size = 69412, upload-time = "2025-05-15T12:30:07.975Z" }
wheels = [
    { url = "https://files.pythonhosted.org/packages/54/20/4d324d65cc6d9205fabedc306948156824eb9f0ee1633355a8f7ec5c66bf/pluggy-1.6.0-py3-none-any.whl", hash = "sha256:e920276dd6813095e9377c0bc5566d94c932c33b27a3e3945d8389c374dd4746", size = 20538, upload-time = "2025-05-15T12:30:06.134Z" },
]

[[package]]
name = "polars"
version = "1.43.1"
source = { registry = "https://pypi.org/simple" }
dependencies = [
    { name = "polars-runtime-32" },
]
sdist = { url = "https://files.pythonhosted.org/packages/32/79/720f4901230992f359653717e7cc3596731ed36e1a27be351d128ee0c3b7/polars-1.43.1.tar.gz", hash = "sha256:cb07ff3ad61c7b28043e6176e5fdb04a294346920b7f033deeb84116b4911883", size = 750058, upload-time = "2026-07-27T12:07:58.288Z" }
wheels = [
    { url = "https://files.pythonhosted.org/packages/f3/7c/d74a56d5afae8e91924aad91cba621b286a05307e88569ecab666b3055b3/polars-1.43.1-py3-none-any.whl", hash = "sha256:f6ecd9184956f46442ddfcf6185423401475bbeffea59e238de8b9ecedacf16c", size = 846844, upload-time = "2026-07-27T12:06:33.913Z" },
]

[[package]]
name = "polars-runtime-32"
version = "1.43.1"
source = { registry = "https://pypi.org/simple" }
sdist = { url = "https://files.pythonhosted.org/packages/60/44/390c9e9eef393991d907b7067264ddaa685b550a5bab94991765459a5e64/polars_runtime_32-1.43.1.tar.gz", hash = "sha256:2931c71fce2080ade2fc743207b3d70ea659f694e0273b6bacfe551ad6ce43e0", size = 3093618, upload-time = "2026-07-27T12:07:59.492Z" }
wheels = [
    { url = "https://files.pythonhosted.org/packages/72/a5/72c075ff95b31807c3cf497757bdd87f81b5b8869e60a22ec532238bac99/polars_runtime_32-1.43.1-cp310-abi3-macosx_10_12_x86_64.whl", hash = "sha256:ddc7bca81e3616b74eba597bff09acbe3567e5b66798cc5305adc2e91a36e31e", size = 53084414, upload-time = "2026-07-27T12:06:36.283Z" },
    { url = "https://files.pythonhosted.org/packages/b3/8f/a34347323459116becbc3b6223bc55b25a1be705d6064decac6b7aa0c769/polars_runtime_32-1.43.1-cp310-abi3-macosx_11_0_arm64.whl", hash = "sha256:3bdaeb8b017be11d7d2f8a938ae98cb4135f90de451771c2bac4d21dca2f7cf4", size = 47514709, upload-time = "2026-07-27T12:06:39.63Z" },
    { url = "https://files.pythonhosted.org/packages/83/7e/a0a22740388facc22f2faa81787b4150231a22dad42ad02b2c6efdba0d0a/polars_runtime_32-1.43.1-cp310-abi3-manylinux_2_17_aarch64.manylinux2014_aarch64.whl", hash = "sha256:def1c19a339903ab39f1d134a69a9e8b02feb4f800f547809fbfed458ccb135e", size = 51351657, upload-time = "2026-07-27T12:06:44.701Z" },
    { url = "https://files.pythonhosted.org/packages/34/f1/4a07318711eeb3a27c62c916751ca45f18df6b0891d18aba68ffd9c18a76/polars_runtime_32-1.43.1-cp310-abi3-manylinux_2_17_x86_64.manylinux2014_x86_64.whl", hash = "sha256:4f323e5c4aa0f068c2c911bd01f1ecdc25c1f3a501879b29550a41ab95490965", size = 57289250, upload-time = "2026-07-27T12:06:48.173Z" },
    { url = "https://files.pythonhosted.org/packages/26/74/c6b55dbb4db2574a9478bf1c2aa04624ea924fc44dc14b64050be462db7e/polars_runtime_32-1.43.1-cp310-abi3-musllinux_1_2_aarch64.whl", hash = "sha256:b93d4bf59dcb0bac68ab2458890f1e8431d17369e59efc88625f0d92b22cad92", size = 51505657, upload-time = "2026-07-27T12:06:51.557Z" },
    { url = "https://files.pythonhosted.org/packages/43/2e/12e987b0f311f20e41f904acc452824af3009579d60c878a5435ae1e9f0a/polars_runtime_32-1.43.1-cp310-abi3-musllinux_1_2_x86_64.whl", hash = "sha256:977b4620d837f3ca0d131f858ac1bd72e2ae10a5e85a6cc27fddc71fbdb5005d", size = 55189721, upload-time = "2026-07-27T12:06:54.68Z" },
    { url = "https://files.pythonhosted.org/packages/3a/f6/5bfba6f40a08b2b1bbe0507e9cc638ebada2dceaece45f9d87a905c57de5/polars_runtime_32-1.43.1-cp310-abi3-win_amd64.whl", hash = "sha256:fa557938e9113c12d59c56df8d7f7e1a411cc1954df0dafbb05900136c6329e7", size = 52566672, upload-time = "2026-07-27T12:06:57.725Z" },
    { url = "https://files.pythonhosted.org/packages/f9/5e/41df901e2684e8857bdffd458c8157d237c701df9f3f922d101075f97724/polars_runtime_32-1.43.1-cp310-abi3-win_arm64.whl", hash = "sha256:cc186bad9f33b71f66ee6cc3ba2146d64315a120b0e988814d6fb1a37f0cc9e9", size = 46575356, upload-time = "2026-07-27T12:07:00.856Z" },
]

[[package]]
name = "py-cpuinfo"
version = "9.0.0"
source = { registry = "https://pypi.org/simple" }
sdist = { url = "https://files.pythonhosted.org/packages/37/a8/d832f7293ebb21690860d2e01d8115e5ff6f2ae8bbdc953f0eb0fa4bd2c7/py-cpuinfo-9.0.0.tar.gz", hash = "sha256:3cdbbf3fac90dc6f118bfd64384f309edeadd902d7c8fb17f02ffa1fc3f49690", size = 104716, upload-time = "2022-10-25T20:38:06.303Z" }
wheels = [
    { url = "https://files.pythonhosted.org/packages/e0/a9/023730ba63db1e494a271cb018dcd361bd2c917ba7004c3e49d5daf795a2/py_cpuinfo-9.0.0-py3-none-any.whl", hash = "sha256:859625bc251f64e21f077d099d4162689c762b5d6a4c3c97553d56241c9674d5", size = 22335, upload-time = "2022-10-25T20:38:27.636Z" },
]

[[package]]
name = "pyarrow"
version = "25.0.0"
source = { registry = "https://pypi.org/simple" }
sdist = { url = "https://files.pythonhosted.org/packages/27/f3/95428098d1fa7d04432fb750eed06b41304c2f6a5d3319985e64db2d9d41/pyarrow-25.0.0.tar.gz", hash = "sha256:d2d697008b5ec06d75952ef260c2e9a8a0f6ccfce24266c04c9c8ade927cb3b4", size = 1199181, upload-time = "2026-07-10T08:29:50.116Z" }
wheels = [
    { url = "https://files.pythonhosted.org/packages/73/44/fdd3a4377807b7dcabe2d4b5aa99dbbc98e2e5df3f1ca4e7f0aec492d987/pyarrow-25.0.0-cp312-cp312-macosx_12_0_arm64.whl", hash = "sha256:149730a3d1f0fb59d663a0b8aa210adfd9c17c27cd94a0d143e60daea8320d4e", size = 35850884, upload-time = "2026-07-10T08:26:47.357Z" },
    { url = "https://files.pythonhosted.org/packages/bf/71/9f053177a7709b8c90abb00a2375b916286f9f0d6cfb21a5cadd4ef811e8/pyarrow-25.0.0-cp312-cp312-macosx_12_0_x86_64.whl", hash = "sha256:0721332c30fdd453fdd1fc203b2ac1f4c9db5aea28fa38d41f2574c4b068b9ec", size = 37616197, upload-time = "2026-07-10T08:26:53.564Z" },
    { url = "https://files.pythonhosted.org/packages/95/1a/22bfb6597dcdc861fa83c39c06e1457cb56f698940eff42fbb25de30e8e5/pyarrow-25.0.0-cp312-cp312-manylinux_2_28_aarch64.whl", hash = "sha256:fa1482b3da10cac2d4db6e26b81da543e237616af2ef6d466018b31ca586496f", size = 46841966, upload-time = "2026-07-10T08:27:07.685Z" },
    { url = "https://files.pythonhosted.org/packages/55/0e/cd705c042bc4fe7022478db577fcab4abdcfabb9bc37ab7a75556b3fcb2b/pyarrow-25.0.0-cp312-cp312-manylinux_2_28_x86_64.whl", hash = "sha256:5d1dbf24e151042f2fa3c129563f65d66674128868496fb008c4272b16bdf778", size = 50088993, upload-time = "2026-07-10T08:27:14.268Z" },
    { url = "https://files.pythonhosted.org/packages/98/ee/d822e1ee31fe31ec5d057210e0605c950b975dcd8d9a332976cc859a9df8/pyarrow-25.0.0-cp312-cp312-musllinux_1_2_aarch64.whl", hash = "sha256:20887a762dd61dcc530f93a140840ab1f6aa7836b33270e42d627ab3cf11e537", size = 49941005, upload-time = "2026-07-10T08:27:21.274Z" },
    { url = "https://files.pythonhosted.org/packages/33/1b/207a90cc64619a095eb75a263ae069735f2810056d43c667befd573ec083/pyarrow-25.0.0-cp312-cp312-musllinux_1_2_x86_64.whl", hash = "sha256:58d1ab556b0cea1c93fdb799b24ad58adb2f2a2788dbce782a94f64ae1a5cc9b", size = 53112355, upload-time = "2026-07-10T08:27:27.911Z" },
    { url = "https://files.pythonhosted.org/packages/7e/fe/81d1e5f8beed15c01e98649d5c6e2167b67fd395884a2488f18bf1cf0dba/pyarrow-25.0.0-cp312-cp312-win_amd64.whl", hash = "sha256:3f356afe61186395c861d5cd63dc21ff7d5fa335012a4668d979257df7fea0f5", size = 27945954, upload-time = "2026-07-10T08:27:32.903Z" },
]

[[package]]
name = "pygments"
version = "2.20.0"
source = { registry = "https://pypi.org/simple" }
sdist = { url = "https://files.pythonhosted.org/packages/c3/b2/bc9c9196916376152d655522fdcebac55e66de6603a76a02bca1b6414f6c/pygments-2.20.0.tar.gz", hash = "sha256:6757cd03768053ff99f3039c1a36d6c0aa0b263438fcab17520b30a303a82b5f", size = 4955991, upload-time = "2026-03-29T13:29:33.898Z" }
wheels = [
    { url = "https://files.pythonhosted.org/packages/f4/7e/a72dd26f3b0f4f2bf1dd8923c85f7ceb43172af56d63c7383eb62b332364/pygments-2.20.0-py3-none-any.whl", hash = "sha256:81a9e26dd42fd28a23a2d169d86d7ac03b46e2f8b59ed4698fb4785f946d0176", size = 1231151, upload-time = "2026-03-29T13:29:30.038Z" },
]

[[package]]
name = "pytest"
version = "9.1.1"
source = { registry = "https://pypi.org/simple" }
dependencies = [
    { name = "colorama", marker = "sys_platform == 'win32'" },
    { name = "iniconfig" },
    { name = "packaging" },
    { name = "pluggy" },
    { name = "pygments" },
]
sdist = { url = "https://files.pythonhosted.org/packages/e4/47/b9efed96c114afcfa3c9d3fe98a76a1d14c74a9e266d397cf6eb64be5e01/pytest-9.1.1.tar.gz", hash = "sha256:1088fbde8f2b49d95a549a195707afa7a76a3ce9bcadc26b6d71f0ffda5fe313", size = 1636369, upload-time = "2026-06-19T10:58:32.857Z" }
wheels = [
    { url = "https://files.pythonhosted.org/packages/24/25/1de2678b631f5a49215c6c96fff41ba892b0a34df68d6d80292b1b48aa7f/pytest-9.1.1-py3-none-any.whl", hash = "sha256:37a86b45efb9a47a61a36449063e8e18d0cab3161329fc099eb21783169c4f0c", size = 386536, upload-time = "2026-06-19T10:58:31.347Z" },
]

[[package]]
name = "pytest-benchmark"
version = "5.2.3"
source = { registry = "https://pypi.org/simple" }
dependencies = [
    { name = "py-cpuinfo" },
    { name = "pytest" },
]
sdist = { url = "https://files.pythonhosted.org/packages/24/34/9f732b76456d64faffbef6232f1f9dbec7a7c4999ff46282fa418bd1af66/pytest_benchmark-5.2.3.tar.gz", hash = "sha256:deb7317998a23c650fd4ff76e1230066a76cb45dcece0aca5607143c619e7779", size = 341340, upload-time = "2025-11-09T18:48:43.215Z" }
wheels = [
    { url = "https://files.pythonhosted.org/packages/33/29/e756e715a48959f1c0045342088d7ca9762a2f509b945f362a316e9412b7/pytest_benchmark-5.2.3-py3-none-any.whl", hash = "sha256:bc839726ad20e99aaa0d11a127445457b4219bdb9e80a1afc4b51da7f96b0803", size = 45255, upload-time = "2025-11-09T18:48:39.765Z" },
]

[[package]]
name = "pytest-cov"
version = "7.1.0"
source = { registry = "https://pypi.org/simple" }
dependencies = [
    { name = "coverage" },
    { name = "pluggy" },
    { name = "pytest" },
]
sdist = { url = "https://files.pythonhosted.org/packages/b1/51/a849f96e117386044471c8ec2bd6cfebacda285da9525c9106aeb28da671/pytest_cov-7.1.0.tar.gz", hash = "sha256:30674f2b5f6351aa09702a9c8c364f6a01c27aae0c1366ae8016160d1efc56b2", size = 55592, upload-time = "2026-03-21T20:11:16.284Z" }
wheels = [
    { url = "https://files.pythonhosted.org/packages/9d/7a/d968e294073affff457b041c2be9868a40c1c71f4a35fcc1e45e5493067b/pytest_cov-7.1.0-py3-none-any.whl", hash = "sha256:a0461110b7865f9a271aa1b51e516c9a95de9d696734a2f71e3e78f46e1d4678", size = 22876, upload-time = "2026-03-21T20:11:14.438Z" },
]
